
Microsoft Visual Studio Solution File, Format Version 12.00
# Visual Studio Version 16
VisualStudioVersion = 16.0.29519.87
MinimumVisualStudioVersion = 10.0.40219.1
Project("{FAE04EC0-301F-11D3-BF4B-00C04F79EFBC}") = "AceleraDev", "AceleraDev\AceleraDev.csproj", "{677E3F90-6E50-4E2E-BA2A-739AC4687E9A}"
EndProject
Global
	GlobalSection(SolutionConfigurationPlatforms) = preSolution
		Debug|Any CPU = Debug|Any CPU
		Release|Any CPU = Release|Any CPU
	EndGlobalSection
	GlobalSection(ProjectConfigurationPlatforms) = postSolution
		{677E3F90-6E50-4E2E-BA2A-739AC4687E9A}.Debug|Any CPU.ActiveCfg = Debug|Any CPU
		{677E3F90-6E50-4E2E-BA2A-739AC4687E9A}.Debug|Any CPU.Build.0 = Debug|Any CPU
		{677E3F90-6E50-4E2E-BA2A-739AC4687E9A}.Release|Any CPU.ActiveCfg = Release|Any CPU
		{677E3F90-6E50-4E2E-BA2A-739AC4687E9A}.Release|Any CPU.Build.0 = Release|Any CPU
	EndGlobalSection
	GlobalSection(SolutionProperties) = preSolution
		HideSolutionNode = FALSE
	EndGlobalSection
	GlobalSection(ExtensibilityGlobals) = postSolution
		SolutionGuid = {1BFBB9F1-3F75-4253-9E1B-6D71078C5F2A}
	EndGlobalSection
EndGlobal
